
Microsoft Visual Studio Solution File, Format Version 12.00
# Visual Studio Version 17
VisualStudioVersion = 17.6.33723.286
MinimumVisualStudioVersion = 10.0.40219.1
Project("{FAE04EC0-301F-11D3-BF4B-00C04F79EFBC}") = "Assignment2.App", "Assessment2.App\Assignment2.App.csproj", "{82FAA549-F807-4A89-90B6-700834FCD4A6}"
EndProject
Project("{FAE04EC0-301F-11D3-BF4B-00C04F79EFBC}") = "Assignment2.Tests", "Assessment2.Tests\Assignment2.Tests.csproj", "{CADC9EC6-A97F-4D7D-97DE-0FB8446178E8}"
EndProject
Global
	GlobalSection(SolutionConfigurationPlatforms) = preSolution
		Debug|Any CPU = Debug|Any CPU
		Release|Any CPU = Release|Any CPU
	EndGlobalSection
	GlobalSection(ProjectConfigurationPlatforms) = postSolution
		{82FAA549-F807-4A89-90B6-700834FCD4A6}.Debug|Any CPU.ActiveCfg = Debug|Any CPU
		{82FAA549-F807-4A89-90B6-700834FCD4A6}.Debug|Any CPU.Build.0 = Debug|Any CPU
		{82FAA549-F807-4A89-90B6-700834FCD4A6}.Release|Any CPU.ActiveCfg = Release|Any CPU
		{82FAA549-F807-4A89-90B6-700834FCD4A6}.Release|Any CPU.Build.0 = Release|Any CPU
		{CADC9EC6-A97F-4D7D-97DE-0FB8446178E8}.Debug|Any CPU.ActiveCfg = Debug|Any CPU
		{CADC9EC6-A97F-4D7D-97DE-0FB8446178E8}.Debug|Any CPU.Build.0 = Debug|Any CPU
		{CADC9EC6-A97F-4D7D-97DE-0FB8446178E8}.Release|Any CPU.ActiveCfg = Release|Any CPU
		{CADC9EC6-A97F-4D7D-97DE-0FB8446178E8}.Release|Any CPU.Build.0 = Release|Any CPU
	EndGlobalSection
	GlobalSection(SolutionProperties) = preSolution
		HideSolutionNode = FALSE
	EndGlobalSection
	GlobalSection(ExtensibilityGlobals) = postSolution
		SolutionGuid = {16EE784A-E34B-472F-A221-293BA51A3B97}
	EndGlobalSection
EndGlobal
